
Microsoft Visual Studio Solution File, Format Version 12.00
# Visual Studio Version 16
VisualStudioVersion = 16.0.29519.87
MinimumVisualStudioVersion = 10.0.40219.1
Project("{FAE04EC0-301F-11D3-BF4B-00C04F79EFBC}") = "PACMAN", "PACMAN.csproj", "{7677B7CC-205D-4C3A-97E0-1A4BD09E23CD}"
EndProject
Global
	GlobalSection(SolutionConfigurationPlatforms) = preSolution
		Debug|Any CPU = Debug|Any CPU
		Release|Any CPU = Release|Any CPU
	EndGlobalSection
	GlobalSection(ProjectConfigurationPlatforms) = postSolution
		{7677B7CC-205D-4C3A-97E0-1A4BD09E23CD}.Debug|Any CPU.ActiveCfg = Debug|Any CPU
		{7677B7CC-205D-4C3A-97E0-1A4BD09E23CD}.Debug|Any CPU.Build.0 = Debug|Any CPU
		{7677B7CC-205D-4C3A-97E0-1A4BD09E23CD}.Release|Any CPU.ActiveCfg = Release|Any CPU
		{7677B7CC-205D-4C3A-97E0-1A4BD09E23CD}.Release|Any CPU.Build.0 = Release|Any CPU
	EndGlobalSection
	GlobalSection(SolutionProperties) = preSolution
		HideSolutionNode = FALSE
	EndGlobalSection
	GlobalSection(ExtensibilityGlobals) = postSolution
		SolutionGuid = {A281EB5A-FFE8-40D1-9E3D-59CC26E4EB78}
	EndGlobalSection
EndGlobal
